
Microsoft Visual Studio Solution File, Format Version 12.00
# Visual Studio Version 16
VisualStudioVersion = 16.0.30204.135
MinimumVisualStudioVersion = 10.0.40219.1
Project("{2150E333-8FDC-42A3-9474-1A3956D46DE8}") = "Module4TP1", "Module4TP1", "{3FF5672F-D66C-4C93-BE8E-3167DAA745F2}"
EndProject
Project("{FAE04EC0-301F-11D3-BF4B-00C04F79EFBC}") = "TP1.UWP", "TP1\TP1.UWP\TP1.UWP.csproj", "{A4051445-357E-42C4-9292-F53A67451CA2}"
EndProject
Project("{9A19103F-16F7-4668-BE54-9A1E7A4F7556}") = "TP1", "TP1\TP1\TP1.csproj", "{37D1E65A-B576-470B-8614-31B2354AE936}"
EndProject
Project("{2150E333-8FDC-42A3-9474-1A3956D46DE8}") = "Module5TP2", "Module5TP2", "{833C87EB-A292-41DA-A171-F4BB334F40E3}"
EndProject
Project("{FAE04EC0-301F-11D3-BF4B-00C04F79EFBC}") = "Tp2.UWP", "Tp2\Tp2.UWP\Tp2.UWP.csproj", "{32F42488-D3FE-47C7-BA01-2F504467D777}"
EndProject
Project("{9A19103F-16F7-4668-BE54-9A1E7A4F7556}") = "Tp2", "Tp2\Tp2\Tp2.csproj", "{5809B848-E162-4D02-B09F-03B6A935EED3}"
EndProject
Project("{2150E333-8FDC-42A3-9474-1A3956D46DE8}") = "Module6TP3", "Module6TP3", "{2FCB4821-51ED-48D6-B993-F38E154731A6}"
EndProject
Project("{FAE04EC0-301F-11D3-BF4B-00C04F79EFBC}") = "Tp3.UWP", "Tp3\Tp3.UWP\Tp3.UWP.csproj", "{C2F77A58-FEB8-4BCC-A925-883EB22B2CF0}"
EndProject
Project("{9A19103F-16F7-4668-BE54-9A1E7A4F7556}") = "Tp3", "Tp3\Tp3\Tp3.csproj", "{8065E0F8-2C14-43E5-8E02-41988DA6E333}"
EndProject
Project("{2150E333-8FDC-42A3-9474-1A3956D46DE8}") = "Module7TP4", "Module7TP4", "{2A334192-DFDE-40A5-8BC5-A18642C6D959}"
EndProject
Project("{FAE04EC0-301F-11D3-BF4B-00C04F79EFBC}") = "Tp4.UWP", "Tp4\Tp4.UWP\Tp4.UWP.csproj", "{B399DA57-48F5-49F3-982C-5873A1FBDED4}"
EndProject
Project("{9A19103F-16F7-4668-BE54-9A1E7A4F7556}") = "Tp4", "Tp4\Tp4\Tp4.csproj", "{E4A45B37-6E05-406E-9311-CD2F5010480B}"
EndProject
Project("{2150E333-8FDC-42A3-9474-1A3956D46DE8}") = "Module8TP5", "Module8TP5", "{464F8D0E-17DF-42CC-A187-10BCB4F440F7}"
EndProject
Project("{FAE04EC0-301F-11D3-BF4B-00C04F79EFBC}") = "Tp5.UWP", "Tp5\Tp5.UWP\Tp5.UWP.csproj", "{93FD332F-1C4E-4854-AEF0-2142391C7947}"
EndProject
Project("{FAE04EC0-301F-11D3-BF4B-00C04F79EFBC}") = "Tp5", "Tp5\Tp5\Tp5.csproj", "{2183A6BC-9D8D-4707-A52D-506E9CEB92D4}"
EndProject
Global
	GlobalSection(SolutionConfigurationPlatforms) = preSolution
		Debug|Any CPU = Debug|Any CPU
		Debug|ARM = Debug|ARM
		Debug|iPhone = Debug|iPhone
		Debug|iPhoneSimulator = Debug|iPhoneSimulator
		Debug|x64 = Debug|x64
		Debug|x86 = Debug|x86
		Release|Any CPU = Release|Any CPU
		Release|ARM = Release|ARM
		Release|iPhone = Release|iPhone
		Release|iPhoneSimulator = Release|iPhoneSimulator
		Release|x64 = Release|x64
		Release|x86 = Release|x86
	EndGlobalSection
	GlobalSection(ProjectConfigurationPlatforms) = postSolution
		{A4051445-357E-42C4-9292-F53A67451CA2}.Debug|Any CPU.ActiveCfg = Debug|x86
		{A4051445-357E-42C4-9292-F53A67451CA2}.Debug|ARM.ActiveCfg = Debug|ARM
		{A4051445-357E-42C4-9292-F53A67451CA2}.Debug|ARM.Build.0 = Debug|ARM
		{A4051445-357E-42C4-9292-F53A67451CA2}.Debug|ARM.Deploy.0 = Debug|ARM
		{A4051445-357E-42C4-9292-F53A67451CA2}.Debug|iPhone.ActiveCfg = Debug|x86
		{A4051445-357E-42C4-9292-F53A67451CA2}.Debug|iPhoneSimulator.ActiveCfg = Debug|x86
		{A4051445-357E-42C4-9292-F53A67451CA2}.Debug|x64.ActiveCfg = Debug|x64
		{A4051445-357E-42C4-9292-F53A67451CA2}.Debug|x64.Build.0 = Debug|x64
		{A4051445-357E-42C4-9292-F53A67451CA2}.Debug|x64.Deploy.0 = Debug|x64
		{A4051445-357E-42C4-9292-F53A67451CA2}.Debug|x86.ActiveCfg = Debug|x86
		{A4051445-357E-42C4-9292-F53A67451CA2}.Debug|x86.Build.0 = Debug|x86
		{A4051445-357E-42C4-9292-F53A67451CA2}.Debug|x86.Deploy.0 = Debug|x86
		{A4051445-357E-42C4-9292-F53A67451CA2}.Release|Any CPU.ActiveCfg = Release|x86
		{A4051445-357E-42C4-9292-F53A67451CA2}.Release|ARM.ActiveCfg = Release|ARM
		{A4051445-357E-42C4-9292-F53A67451CA2}.Release|ARM.Build.0 = Release|ARM
		{A4051445-357E-42C4-9292-F53A67451CA2}.Release|ARM.Deploy.0 = Release|ARM
		{A4051445-357E-42C4-9292-F53A67451CA2}.Release|iPhone.ActiveCfg = Release|x86
		{A4051445-357E-42C4-9292-F53A67451CA2}.Release|iPhoneSimulator.ActiveCfg = Release|x86
		{A4051445-357E-42C4-9292-F53A67451CA2}.Release|x64.ActiveCfg = Release|x64
		{A4051445-357E-42C4-9292-F53A67451CA2}.Release|x64.Build.0 = Release|x64
		{A4051445-357E-42C4-9292-F53A67451CA2}.Release|x64.Deploy.0 = Release|x64
		{A4051445-357E-42C4-9292-F53A67451CA2}.Release|x86.ActiveCfg = Release|x86
		{A4051445-357E-42C4-9292-F53A67451CA2}.Release|x86.Build.0 = Release|x86
		{A4051445-357E-42C4-9292-F53A67451CA2}.Release|x86.Deploy.0 = Release|x86
		{37D1E65A-B576-470B-8614-31B2354AE936}.Debug|Any CPU.ActiveCfg = Debug|Any CPU
		{37D1E65A-B576-470B-8614-31B2354AE936}.Debug|Any CPU.Build.0 = Debug|Any CPU
		{37D1E65A-B576-470B-8614-31B2354AE936}.Debug|ARM.ActiveCfg = Debug|Any CPU
		{37D1E65A-B576-470B-8614-31B2354AE936}.Debug|ARM.Build.0 = Debug|Any CPU
		{37D1E65A-B576-470B-8614-31B2354AE936}.Debug|iPhone.ActiveCfg = Debug|Any CPU
		{37D1E65A-B576-470B-8614-31B2354AE936}.Debug|iPhone.Build.0 = Debug|Any CPU
		{37D1E65A-B576-470B-8614-31B2354AE936}.Debug|iPhoneSimulator.ActiveCfg = Debug|Any CPU
		{37D1E65A-B576-470B-8614-31B2354AE936}.Debug|iPhoneSimulator.Build.0 = Debug|Any CPU
		{37D1E65A-B576-470B-8614-31B2354AE936}.Debug|x64.ActiveCfg = Debug|Any CPU
		{37D1E65A-B576-470B-8614-31B2354AE936}.Debug|x64.Build.0 = Debug|Any CPU
		{37D1E65A-B576-470B-8614-31B2354AE936}.Debug|x86.ActiveCfg = Debug|Any CPU
		{37D1E65A-B576-470B-8614-31B2354AE936}.Debug|x86.Build.0 = Debug|Any CPU
		{37D1E65A-B576-470B-8614-31B2354AE936}.Release|Any CPU.ActiveCfg = Release|Any CPU
		{37D1E65A-B576-470B-8614-31B2354AE936}.Release|Any CPU.Build.0 = Release|Any CPU
		{37D1E65A-B576-470B-8614-31B2354AE936}.Release|ARM.ActiveCfg = Release|Any CPU
		{37D1E65A-B576-470B-8614-31B2354AE936}.Release|ARM.Build.0 = Release|Any CPU
		{37D1E65A-B576-470B-8614-31B2354AE936}.Release|iPhone.ActiveCfg = Release|Any CPU
		{37D1E65A-B576-470B-8614-31B2354AE936}.Release|iPhone.Build.0 = Release|Any CPU
		{37D1E65A-B576-470B-8614-31B2354AE936}.Release|iPhoneSimulator.ActiveCfg = Release|Any CPU
		{37D1E65A-B576-470B-8614-31B2354AE936}.Release|iPhoneSimulator.Build.0 = Release|Any CPU
		{37D1E65A-B576-470B-8614-31B2354AE936}.Release|x64.ActiveCfg = Release|Any CPU
		{37D1E65A-B576-470B-8614-31B2354AE936}.Release|x64.Build.0 = Release|Any CPU
		{37D1E65A-B576-470B-8614-31B2354AE936}.Release|x86.ActiveCfg = Release|Any CPU
		{37D1E65A-B576-470B-8614-31B2354AE936}.Release|x86.Build.0 = Release|Any CPU
		{32F42488-D3FE-47C7-BA01-2F504467D777}.Debug|Any CPU.ActiveCfg = Debug|x86
		{32F42488-D3FE-47C7-BA01-2F504467D777}.Debug|ARM.ActiveCfg = Debug|ARM
		{32F42488-D3FE-47C7-BA01-2F504467D777}.Debug|ARM.Build.0 = Debug|ARM
		{32F42488-D3FE-47C7-BA01-2F504467D777}.Debug|ARM.Deploy.0 = Debug|ARM
		{32F42488-D3FE-47C7-BA01-2F504467D777}.Debug|iPhone.ActiveCfg = Debug|x86
		{32F42488-D3FE-47C7-BA01-2F504467D777}.Debug|iPhoneSimulator.ActiveCfg = Debug|x86
		{32F42488-D3FE-47C7-BA01-2F504467D777}.Debug|x64.ActiveCfg = Debug|x64
		{32F42488-D3FE-47C7-BA01-2F504467D777}.Debug|x64.Build.0 = Debug|x64
		{32F42488-D3FE-47C7-BA01-2F504467D777}.Debug|x64.Deploy.0 = Debug|x64
		{32F42488-D3FE-47C7-BA01-2F504467D777}.Debug|x86.ActiveCfg = Debug|x86
		{32F42488-D3FE-47C7-BA01-2F504467D777}.Debug|x86.Build.0 = Debug|x86
		{32F42488-D3FE-47C7-BA01-2F504467D777}.Debug|x86.Deploy.0 = Debug|x86
		{32F42488-D3FE-47C7-BA01-2F504467D777}.Release|Any CPU.ActiveCfg = Release|x86
		{32F42488-D3FE-47C7-BA01-2F504467D777}.Release|ARM.ActiveCfg = Release|ARM
		{32F42488-D3FE-47C7-BA01-2F504467D777}.Release|ARM.Build.0 = Release|ARM
		{32F42488-D3FE-47C7-BA01-2F504467D777}.Release|ARM.Deploy.0 = Release|ARM
		{32F42488-D3FE-47C7-BA01-2F504467D777}.Release|iPhone.ActiveCfg = Release|x86
		{32F42488-D3FE-47C7-BA01-2F504467D777}.Release|iPhoneSimulator.ActiveCfg = Release|x86
		{32F42488-D3FE-47C7-BA01-2F504467D777}.Release|x64.ActiveCfg = Release|x64
		{32F42488-D3FE-47C7-BA01-2F504467D777}.Release|x64.Build.0 = Release|x64
		{32F42488-D3FE-47C7-BA01-2F504467D777}.Release|x64.Deploy.0 = Release|x64
		{32F42488-D3FE-47C7-BA01-2F504467D777}.Release|x86.ActiveCfg = Release|x86
		{32F42488-D3FE-47C7-BA01-2F504467D777}.Release|x86.Build.0 = Release|x86
		{32F42488-D3FE-47C7-BA01-2F504467D777}.Release|x86.Deploy.0 = Release|x86
		{5809B848-E162-4D02-B09F-03B6A935EED3}.Debug|Any CPU.ActiveCfg = Debug|Any CPU
		{5809B848-E162-4D02-B09F-03B6A935EED3}.Debug|Any CPU.Build.0 = Debug|Any CPU
		{5809B848-E162-4D02-B09F-03B6A935EED3}.Debug|ARM.ActiveCfg = Debug|Any CPU
		{5809B848-E162-4D02-B09F-03B6A935EED3}.Debug|ARM.Build.0 = Debug|Any CPU
		{5809B848-E162-4D02-B09F-03B6A935EED3}.Debug|iPhone.ActiveCfg = Debug|Any CPU
		{5809B848-E162-4D02-B09F-03B6A935EED3}.Debug|iPhone.Build.0 = Debug|Any CPU
		{5809B848-E162-4D02-B09F-03B6A935EED3}.Debug|iPhoneSimulator.ActiveCfg = Debug|Any CPU
		{5809B848-E162-4D02-B09F-03B6A935EED3}.Debug|iPhoneSimulator.Build.0 = Debug|Any CPU
		{5809B848-E162-4D02-B09F-03B6A935EED3}.Debug|x64.ActiveCfg = Debug|Any CPU
		{5809B848-E162-4D02-B09F-03B6A935EED3}.Debug|x64.Build.0 = Debug|Any CPU
		{5809B848-E162-4D02-B09F-03B6A935EED3}.Debug|x86.ActiveCfg = Debug|Any CPU
		{5809B848-E162-4D02-B09F-03B6A935EED3}.Debug|x86.Build.0 = Debug|Any CPU
		{5809B848-E162-4D02-B09F-03B6A935EED3}.Release|Any CPU.ActiveCfg = Release|Any CPU
		{5809B848-E162-4D02-B09F-03B6A935EED3}.Release|Any CPU.Build.0 = Release|Any CPU
		{5809B848-E162-4D02-B09F-03B6A935EED3}.Release|ARM.ActiveCfg = Release|Any CPU
		{5809B848-E162-4D02-B09F-03B6A935EED3}.Release|ARM.Build.0 = Release|Any CPU
		{5809B848-E162-4D02-B09F-03B6A935EED3}.Release|iPhone.ActiveCfg = Release|Any CPU
		{5809B848-E162-4D02-B09F-03B6A935EED3}.Release|iPhone.Build.0 = Release|Any CPU
		{5809B848-E162-4D02-B09F-03B6A935EED3}.Release|iPhoneSimulator.ActiveCfg = Release|Any CPU
		{5809B848-E162-4D02-B09F-03B6A935EED3}.Release|iPhoneSimulator.Build.0 = Release|Any CPU
		{5809B848-E162-4D02-B09F-03B6A935EED3}.Release|x64.ActiveCfg = Release|Any CPU
		{5809B848-E162-4D02-B09F-03B6A935EED3}.Release|x64.Build.0 = Release|Any CPU
		{5809B848-E162-4D02-B09F-03B6A935EED3}.Release|x86.ActiveCfg = Release|Any CPU
		{5809B848-E162-4D02-B09F-03B6A935EED3}.Release|x86.Build.0 = Release|Any CPU
		{C2F77A58-FEB8-4BCC-A925-883EB22B2CF0}.Debug|Any CPU.ActiveCfg = Debug|x86
		{C2F77A58-FEB8-4BCC-A925-883EB22B2CF0}.Debug|ARM.ActiveCfg = Debug|ARM
		{C2F77A58-FEB8-4BCC-A925-883EB22B2CF0}.Debug|ARM.Build.0 = Debug|ARM
		{C2F77A58-FEB8-4BCC-A925-883EB22B2CF0}.Debug|ARM.Deploy.0 = Debug|ARM
		{C2F77A58-FEB8-4BCC-A925-883EB22B2CF0}.Debug|iPhone.ActiveCfg = Debug|x86
		{C2F77A58-FEB8-4BCC-A925-883EB22B2CF0}.Debug|iPhoneSimulator.ActiveCfg = Debug|x86
		{C2F77A58-FEB8-4BCC-A925-883EB22B2CF0}.Debug|x64.ActiveCfg = Debug|x64
		{C2F77A58-FEB8-4BCC-A925-883EB22B2CF0}.Debug|x64.Build.0 = Debug|x64
		{C2F77A58-FEB8-4BCC-A925-883EB22B2CF0}.Debug|x64.Deploy.0 = Debug|x64
		{C2F77A58-FEB8-4BCC-A925-883EB22B2CF0}.Debug|x86.ActiveCfg = Debug|x86
		{C2F77A58-FEB8-4BCC-A925-883EB22B2CF0}.Debug|x86.Build.0 = Debug|x86
		{C2F77A58-FEB8-4BCC-A925-883EB22B2CF0}.Debug|x86.Deploy.0 = Debug|x86
		{C2F77A58-FEB8-4BCC-A925-883EB22B2CF0}.Release|Any CPU.ActiveCfg = Release|x86
		{C2F77A58-FEB8-4BCC-A925-883EB22B2CF0}.Release|ARM.ActiveCfg = Release|ARM
		{C2F77A58-FEB8-4BCC-A925-883EB22B2CF0}.Release|ARM.Build.0 = Release|ARM
		{C2F77A58-FEB8-4BCC-A925-883EB22B2CF0}.Release|ARM.Deploy.0 = Release|ARM
		{C2F77A58-FEB8-4BCC-A925-883EB22B2CF0}.Release|iPhone.ActiveCfg = Release|x86
		{C2F77A58-FEB8-4BCC-A925-883EB22B2CF0}.Release|iPhoneSimulator.ActiveCfg = Release|x86
		{C2F77A58-FEB8-4BCC-A925-883EB22B2CF0}.Release|x64.ActiveCfg = Release|x64
		{C2F77A58-FEB8-4BCC-A925-883EB22B2CF0}.Release|x64.Build.0 = Release|x64
		{C2F77A58-FEB8-4BCC-A925-883EB22B2CF0}.Release|x64.Deploy.0 = Release|x64
		{C2F77A58-FEB8-4BCC-A925-883EB22B2CF0}.Release|x86.ActiveCfg = Release|x86
		{C2F77A58-FEB8-4BCC-A925-883EB22B2CF0}.Release|x86.Build.0 = Release|x86
		{C2F77A58-FEB8-4BCC-A925-883EB22B2CF0}.Release|x86.Deploy.0 = Release|x86
		{8065E0F8-2C14-43E5-8E02-41988DA6E333}.Debug|Any CPU.ActiveCfg = Debug|Any CPU
		{8065E0F8-2C14-43E5-8E02-41988DA6E333}.Debug|Any CPU.Build.0 = Debug|Any CPU
		{8065E0F8-2C14-43E5-8E02-41988DA6E333}.Debug|ARM.ActiveCfg = Debug|Any CPU
		{8065E0F8-2C14-43E5-8E02-41988DA6E333}.Debug|ARM.Build.0 = Debug|Any CPU
		{8065E0F8-2C14-43E5-8E02-41988DA6E333}.Debug|iPhone.ActiveCfg = Debug|Any CPU
		{8065E0F8-2C14-43E5-8E02-41988DA6E333}.Debug|iPhone.Build.0 = Debug|Any CPU
		{8065E0F8-2C14-43E5-8E02-41988DA6E333}.Debug|iPhoneSimulator.ActiveCfg = Debug|Any CPU
		{8065E0F8-2C14-43E5-8E02-41988DA6E333}.Debug|iPhoneSimulator.Build.0 = Debug|Any CPU
		{8065E0F8-2C14-43E5-8E02-41988DA6E333}.Debug|x64.ActiveCfg = Debug|Any CPU
		{8065E0F8-2C14-43E5-8E02-41988DA6E333}.Debug|x64.Build.0 = Debug|Any CPU
		{8065E0F8-2C14-43E5-8E02-41988DA6E333}.Debug|x86.ActiveCfg = Debug|Any CPU
		{8065E0F8-2C14-43E5-8E02-41988DA6E333}.Debug|x86.Build.0 = Debug|Any CPU
		{8065E0F8-2C14-43E5-8E02-41988DA6E333}.Release|Any CPU.ActiveCfg = Release|Any CPU
		{8065E0F8-2C14-43E5-8E02-41988DA6E333}.Release|Any CPU.Build.0 = Release|Any CPU
		{8065E0F8-2C14-43E5-8E02-41988DA6E333}.Release|ARM.ActiveCfg = Release|Any CPU
		{8065E0F8-2C14-43E5-8E02-41988DA6E333}.Release|ARM.Build.0 = Release|Any CPU
		{8065E0F8-2C14-43E5-8E02-41988DA6E333}.Release|iPhone.ActiveCfg = Release|Any CPU
		{8065E0F8-2C14-43E5-8E02-41988DA6E333}.Release|iPhone.Build.0 = Release|Any CPU
		{8065E0F8-2C14-43E5-8E02-41988DA6E333}.Release|iPhoneSimulator.ActiveCfg = Release|Any CPU
		{8065E0F8-2C14-43E5-8E02-41988DA6E333}.Release|iPhoneSimulator.Build.0 = Release|Any CPU
		{8065E0F8-2C14-43E5-8E02-41988DA6E333}.Release|x64.ActiveCfg = Release|Any CPU
		{8065E0F8-2C14-43E5-8E02-41988DA6E333}.Release|x64.Build.0 = Release|Any CPU
		{8065E0F8-2C14-43E5-8E02-41988DA6E333}.Release|x86.ActiveCfg = Release|Any CPU
		{8065E0F8-2C14-43E5-8E02-41988DA6E333}.Release|x86.Build.0 = Release|Any CPU
		{B399DA57-48F5-49F3-982C-5873A1FBDED4}.Debug|Any CPU.ActiveCfg = Debug|x86
		{B399DA57-48F5-49F3-982C-5873A1FBDED4}.Debug|ARM.ActiveCfg = Debug|ARM
		{B399DA57-48F5-49F3-982C-5873A1FBDED4}.Debug|ARM.Build.0 = Debug|ARM
		{B399DA57-48F5-49F3-982C-5873A1FBDED4}.Debug|ARM.Deploy.0 = Debug|ARM
		{B399DA57-48F5-49F3-982C-5873A1FBDED4}.Debug|iPhone.ActiveCfg = Debug|x86
		{B399DA57-48F5-49F3-982C-5873A1FBDED4}.Debug|iPhoneSimulator.ActiveCfg = Debug|x86
		{B399DA57-48F5-49F3-982C-5873A1FBDED4}.Debug|x64.ActiveCfg = Debug|x64
		{B399DA57-48F5-49F3-982C-5873A1FBDED4}.Debug|x64.Build.0 = Debug|x64
		{B399DA57-48F5-49F3-982C-5873A1FBDED4}.Debug|x64.Deploy.0 = Debug|x64
		{B399DA57-48F5-49F3-982C-5873A1FBDED4}.Debug|x86.ActiveCfg = Debug|x86
		{B399DA57-48F5-49F3-982C-5873A1FBDED4}.Debug|x86.Build.0 = Debug|x86
		{B399DA57-48F5-49F3-982C-5873A1FBDED4}.Debug|x86.Deploy.0 = Debug|x86
		{B399DA57-48F5-49F3-982C-5873A1FBDED4}.Release|Any CPU.ActiveCfg = Release|x86
		{B399DA57-48F5-49F3-982C-5873A1FBDED4}.Release|ARM.ActiveCfg = Release|ARM
		{B399DA57-48F5-49F3-982C-5873A1FBDED4}.Release|ARM.Build.0 = Release|ARM
		{B399DA57-48F5-49F3-982C-5873A1FBDED4}.Release|ARM.Deploy.0 = Release|ARM
		{B399DA57-48F5-49F3-982C-5873A1FBDED4}.Release|iPhone.ActiveCfg = Release|x86
		{B399DA57-48F5-49F3-982C-5873A1FBDED4}.Release|iPhoneSimulator.ActiveCfg = Release|x86
		{B399DA57-48F5-49F3-982C-5873A1FBDED4}.Release|x64.ActiveCfg = Release|x64
		{B399DA57-48F5-49F3-982C-5873A1FBDED4}.Release|x64.Build.0 = Release|x64
		{B399DA57-48F5-49F3-982C-5873A1FBDED4}.Release|x64.Deploy.0 = Release|x64
		{B399DA57-48F5-49F3-982C-5873A1FBDED4}.Release|x86.ActiveCfg = Release|x86
		{B399DA57-48F5-49F3-982C-5873A1FBDED4}.Release|x86.Build.0 = Release|x86
		{B399DA57-48F5-49F3-982C-5873A1FBDED4}.Release|x86.Deploy.0 = Release|x86
		{E4A45B37-6E05-406E-9311-CD2F5010480B}.Debug|Any CPU.ActiveCfg = Debug|Any CPU
		{E4A45B37-6E05-406E-9311-CD2F5010480B}.Debug|Any CPU.Build.0 = Debug|Any CPU
		{E4A45B37-6E05-406E-9311-CD2F5010480B}.Debug|ARM.ActiveCfg = Debug|Any CPU
		{E4A45B37-6E05-406E-9311-CD2F5010480B}.Debug|ARM.Build.0 = Debug|Any CPU
		{E4A45B37-6E05-406E-9311-CD2F5010480B}.Debug|iPhone.ActiveCfg = Debug|Any CPU
		{E4A45B37-6E05-406E-9311-CD2F5010480B}.Debug|iPhone.Build.0 = Debug|Any CPU
		{E4A45B37-6E05-406E-9311-CD2F5010480B}.Debug|iPhoneSimulator.ActiveCfg = Debug|Any CPU
		{E4A45B37-6E05-406E-9311-CD2F5010480B}.Debug|iPhoneSimulator.Build.0 = Debug|Any CPU
		{E4A45B37-6E05-406E-9311-CD2F5010480B}.Debug|x64.ActiveCfg = Debug|Any CPU
		{E4A45B37-6E05-406E-9311-CD2F5010480B}.Debug|x64.Build.0 = Debug|Any CPU
		{E4A45B37-6E05-406E-9311-CD2F5010480B}.Debug|x86.ActiveCfg = Debug|Any CPU
		{E4A45B37-6E05-406E-9311-CD2F5010480B}.Debug|x86.Build.0 = Debug|Any CPU
		{E4A45B37-6E05-406E-9311-CD2F5010480B}.Release|Any CPU.ActiveCfg = Release|Any CPU
		{E4A45B37-6E05-406E-9311-CD2F5010480B}.Release|Any CPU.Build.0 = Release|Any CPU
		{E4A45B37-6E05-406E-9311-CD2F5010480B}.Release|ARM.ActiveCfg = Release|Any CPU
		{E4A45B37-6E05-406E-9311-CD2F5010480B}.Release|ARM.Build.0 = Release|Any CPU
		{E4A45B37-6E05-406E-9311-CD2F5010480B}.Release|iPhone.ActiveCfg = Release|Any CPU
		{E4A45B37-6E05-406E-9311-CD2F5010480B}.Release|iPhone.Build.0 = Release|Any CPU
		{E4A45B37-6E05-406E-9311-CD2F5010480B}.Release|iPhoneSimulator.ActiveCfg = Release|Any CPU
		{E4A45B37-6E05-406E-9311-CD2F5010480B}.Release|iPhoneSimulator.Build.0 = Release|Any CPU
		{E4A45B37-6E05-406E-9311-CD2F5010480B}.Release|x64.ActiveCfg = Release|Any CPU
		{E4A45B37-6E05-406E-9311-CD2F5010480B}.Release|x64.Build.0 = Release|Any CPU
		{E4A45B37-6E05-406E-9311-CD2F5010480B}.Release|x86.ActiveCfg = Release|Any CPU
		{E4A45B37-6E05-406E-9311-CD2F5010480B}.Release|x86.Build.0 = Release|Any CPU
		{93FD332F-1C4E-4854-AEF0-2142391C7947}.Debug|Any CPU.ActiveCfg = Debug|x86
		{93FD332F-1C4E-4854-AEF0-2142391C7947}.Debug|ARM.ActiveCfg = Debug|ARM
		{93FD332F-1C4E-4854-AEF0-2142391C7947}.Debug|ARM.Build.0 = Debug|ARM
		{93FD332F-1C4E-4854-AEF0-2142391C7947}.Debug|ARM.Deploy.0 = Debug|ARM
		{93FD332F-1C4E-4854-AEF0-2142391C7947}.Debug|iPhone.ActiveCfg = Debug|x86
		{93FD332F-1C4E-4854-AEF0-2142391C7947}.Debug|iPhoneSimulator.ActiveCfg = Debug|x86
		{93FD332F-1C4E-4854-AEF0-2142391C7947}.Debug|x64.ActiveCfg = Debug|x64
		{93FD332F-1C4E-4854-AEF0-2142391C7947}.Debug|x64.Build.0 = Debug|x64
		{93FD332F-1C4E-4854-AEF0-2142391C7947}.Debug|x64.Deploy.0 = Debug|x64
		{93FD332F-1C4E-4854-AEF0-2142391C7947}.Debug|x86.ActiveCfg = Debug|x86
		{93FD332F-1C4E-4854-AEF0-2142391C7947}.Debug|x86.Build.0 = Debug|x86
		{93FD332F-1C4E-4854-AEF0-2142391C7947}.Debug|x86.Deploy.0 = Debug|x86
		{93FD332F-1C4E-4854-AEF0-2142391C7947}.Release|Any CPU.ActiveCfg = Release|x86
		{93FD332F-1C4E-4854-AEF0-2142391C7947}.Release|ARM.ActiveCfg = Release|ARM
		{93FD332F-1C4E-4854-AEF0-2142391C7947}.Release|ARM.Build.0 = Release|ARM
		{93FD332F-1C4E-4854-AEF0-2142391C7947}.Release|ARM.Deploy.0 = Release|ARM
		{93FD332F-1C4E-4854-AEF0-2142391C7947}.Release|iPhone.ActiveCfg = Release|x86
		{93FD332F-1C4E-4854-AEF0-2142391C7947}.Release|iPhoneSimulator.ActiveCfg = Release|x86
		{93FD332F-1C4E-4854-AEF0-2142391C7947}.Release|x64.ActiveCfg = Release|x64
		{93FD332F-1C4E-4854-AEF0-2142391C7947}.Release|x64.Build.0 = Release|x64
		{93FD332F-1C4E-4854-AEF0-2142391C7947}.Release|x64.Deploy.0 = Release|x64
		{93FD332F-1C4E-4854-AEF0-2142391C7947}.Release|x86.ActiveCfg = Release|x86
		{93FD332F-1C4E-4854-AEF0-2142391C7947}.Release|x86.Build.0 = Release|x86
		{93FD332F-1C4E-4854-AEF0-2142391C7947}.Release|x86.Deploy.0 = Release|x86
		{2183A6BC-9D8D-4707-A52D-506E9CEB92D4}.Debug|Any CPU.ActiveCfg = Debug|Any CPU
		{2183A6BC-9D8D-4707-A52D-506E9CEB92D4}.Debug|Any CPU.Build.0 = Debug|Any CPU
		{2183A6BC-9D8D-4707-A52D-506E9CEB92D4}.Debug|ARM.ActiveCfg = Debug|Any CPU
		{2183A6BC-9D8D-4707-A52D-506E9CEB92D4}.Debug|ARM.Build.0 = Debug|Any CPU
		{2183A6BC-9D8D-4707-A52D-506E9CEB92D4}.Debug|iPhone.ActiveCfg = Debug|Any CPU
		{2183A6BC-9D8D-4707-A52D-506E9CEB92D4}.Debug|iPhone.Build.0 = Debug|Any CPU
		{2183A6BC-9D8D-4707-A52D-506E9CEB92D4}.Debug|iPhoneSimulator.ActiveCfg = Debug|Any CPU
		{2183A6BC-9D8D-4707-A52D-506E9CEB92D4}.Debug|iPhoneSimulator.Build.0 = Debug|Any CPU
		{2183A6BC-9D8D-4707-A52D-506E9CEB92D4}.Debug|x64.ActiveCfg = Debug|Any CPU
		{2183A6BC-9D8D-4707-A52D-506E9CEB92D4}.Debug|x64.Build.0 = Debug|Any CPU
		{2183A6BC-9D8D-4707-A52D-506E9CEB92D4}.Debug|x86.ActiveCfg = Debug|Any CPU
		{2183A6BC-9D8D-4707-A52D-506E9CEB92D4}.Debug|x86.Build.0 = Debug|Any CPU
		{2183A6BC-9D8D-4707-A52D-506E9CEB92D4}.Release|Any CPU.ActiveCfg = Release|Any CPU
		{2183A6BC-9D8D-4707-A52D-506E9CEB92D4}.Release|Any CPU.Build.0 = Release|Any CPU
		{2183A6BC-9D8D-4707-A52D-506E9CEB92D4}.Release|ARM.ActiveCfg = Release|Any CPU
		{2183A6BC-9D8D-4707-A52D-506E9CEB92D4}.Release|ARM.Build.0 = Release|Any CPU
		{2183A6BC-9D8D-4707-A52D-506E9CEB92D4}.Release|iPhone.ActiveCfg = Release|Any CPU
		{2183A6BC-9D8D-4707-A52D-506E9CEB92D4}.Release|iPhone.Build.0 = Release|Any CPU
		{2183A6BC-9D8D-4707-A52D-506E9CEB92D4}.Release|iPhoneSimulator.ActiveCfg = Release|Any CPU
		{2183A6BC-9D8D-4707-A52D-506E9CEB92D4}.Release|iPhoneSimulator.Build.0 = Release|Any CPU
		{2183A6BC-9D8D-4707-A52D-506E9CEB92D4}.Release|x64.ActiveCfg = Release|Any CPU
		{2183A6BC-9D8D-4707-A52D-506E9CEB92D4}.Release|x64.Build.0 = Release|Any CPU
		{2183A6BC-9D8D-4707-A52D-506E9CEB92D4}.Release|x86.ActiveCfg = Release|Any CPU
		{2183A6BC-9D8D-4707-A52D-506E9CEB92D4}.Release|x86.Build.0 = Release|Any CPU
	EndGlobalSection
	GlobalSection(SolutionProperties) = preSolution
		HideSolutionNode = FALSE
	EndGlobalSection
	GlobalSection(NestedProjects) = preSolution
		{A4051445-357E-42C4-9292-F53A67451CA2} = {3FF5672F-D66C-4C93-BE8E-3167DAA745F2}
		{37D1E65A-B576-470B-8614-31B2354AE936} = {3FF5672F-D66C-4C93-BE8E-3167DAA745F2}
		{32F42488-D3FE-47C7-BA01-2F504467D777} = {833C87EB-A292-41DA-A171-F4BB334F40E3}
		{5809B848-E162-4D02-B09F-03B6A935EED3} = {833C87EB-A292-41DA-A171-F4BB334F40E3}
		{C2F77A58-FEB8-4BCC-A925-883EB22B2CF0} = {2FCB4821-51ED-48D6-B993-F38E154731A6}
		{8065E0F8-2C14-43E5-8E02-41988DA6E333} = {2FCB4821-51ED-48D6-B993-F38E154731A6}
		{B399DA57-48F5-49F3-982C-5873A1FBDED4} = {2A334192-DFDE-40A5-8BC5-A18642C6D959}
		{E4A45B37-6E05-406E-9311-CD2F5010480B} = {2A334192-DFDE-40A5-8BC5-A18642C6D959}
		{93FD332F-1C4E-4854-AEF0-2142391C7947} = {464F8D0E-17DF-42CC-A187-10BCB4F440F7}
		{2183A6BC-9D8D-4707-A52D-506E9CEB92D4} = {464F8D0E-17DF-42CC-A187-10BCB4F440F7}
	EndGlobalSection
	GlobalSection(ExtensibilityGlobals) = postSolution
		SolutionGuid = {5DC7D7C2-F599-4C3E-8050-BD10DFBE1D13}
	EndGlobalSection
EndGlobal
